
Microsoft Visual Studio Solution File, Format Version 12.00
# Visual Studio 15
VisualStudioVersion = 15.0.27130.2010
MinimumVisualStudioVersion = 10.0.40219.1
Project("{FAE04EC0-301F-11D3-BF4B-00C04F79EFBC}") = "TextFileReader", "TextFileReader\TextFileReader.csproj", "{DF045B45-C2EF-40A6-89C2-567BF28FE020}"
EndProject
Global
	GlobalSection(SolutionConfigurationPlatforms) = preSolution
		Debug|Any CPU = Debug|Any CPU
		Release|Any CPU = Release|Any CPU
	EndGlobalSection
	GlobalSection(ProjectConfigurationPlatforms) = postSolution
		{DF045B45-C2EF-40A6-89C2-567BF28FE020}.Debug|Any CPU.ActiveCfg = Debug|Any CPU
		{DF045B45-C2EF-40A6-89C2-567BF28FE020}.Debug|Any CPU.Build.0 = Debug|Any CPU
		{DF045B45-C2EF-40A6-89C2-567BF28FE020}.Release|Any CPU.ActiveCfg = Release|Any CPU
		{DF045B45-C2EF-40A6-89C2-567BF28FE020}.Release|Any CPU.Build.0 = Release|Any CPU
	EndGlobalSection
	GlobalSection(SolutionProperties) = preSolution
		HideSolutionNode = FALSE
	EndGlobalSection
	GlobalSection(ExtensibilityGlobals) = postSolution
		SolutionGuid = {DA044FE7-A06E-41E2-9DC7-3CE896CD53F4}
	EndGlobalSection
EndGlobal
