
Microsoft Visual Studio Solution File, Format Version 12.00
# Visual Studio 15
VisualStudioVersion = 15.0.27130.2010
MinimumVisualStudioVersion = 10.0.40219.1
Project("{FAE04EC0-301F-11D3-BF4B-00C04F79EFBC}") = "NoModalForm_us_SearchFile", "NoModalForm_us_SearchFile\NoModalForm_us_SearchFile.csproj", "{BD0D840A-117F-41BA-AAB2-5AA06E8C7821}"
EndProject
Global
	GlobalSection(SolutionConfigurationPlatforms) = preSolution
		Debug|Any CPU = Debug|Any CPU
		Release|Any CPU = Release|Any CPU
	EndGlobalSection
	GlobalSection(ProjectConfigurationPlatforms) = postSolution
		{BD0D840A-117F-41BA-AAB2-5AA06E8C7821}.Debug|Any CPU.ActiveCfg = Debug|Any CPU
		{BD0D840A-117F-41BA-AAB2-5AA06E8C7821}.Debug|Any CPU.Build.0 = Debug|Any CPU
		{BD0D840A-117F-41BA-AAB2-5AA06E8C7821}.Release|Any CPU.ActiveCfg = Release|Any CPU
		{BD0D840A-117F-41BA-AAB2-5AA06E8C7821}.Release|Any CPU.Build.0 = Release|Any CPU
	EndGlobalSection
	GlobalSection(SolutionProperties) = preSolution
		HideSolutionNode = FALSE
	EndGlobalSection
	GlobalSection(ExtensibilityGlobals) = postSolution
		SolutionGuid = {8FFD3EBA-6429-4D8B-AB7D-55EA81964907}
	EndGlobalSection
EndGlobal
