
Microsoft Visual Studio Solution File, Format Version 12.00
# Visual Studio 15
VisualStudioVersion = 15.0.27130.2010
MinimumVisualStudioVersion = 10.0.40219.1
Project("{FAE04EC0-301F-11D3-BF4B-00C04F79EFBC}") = "task2", "task2\task2.csproj", "{63E1E88F-030A-4F65-971B-B393C31A4FFF}"
EndProject
Global
	GlobalSection(SolutionConfigurationPlatforms) = preSolution
		Debug|Any CPU = Debug|Any CPU
		Release|Any CPU = Release|Any CPU
	EndGlobalSection
	GlobalSection(ProjectConfigurationPlatforms) = postSolution
		{63E1E88F-030A-4F65-971B-B393C31A4FFF}.Debug|Any CPU.ActiveCfg = Debug|Any CPU
		{63E1E88F-030A-4F65-971B-B393C31A4FFF}.Debug|Any CPU.Build.0 = Debug|Any CPU
		{63E1E88F-030A-4F65-971B-B393C31A4FFF}.Release|Any CPU.ActiveCfg = Release|Any CPU
		{63E1E88F-030A-4F65-971B-B393C31A4FFF}.Release|Any CPU.Build.0 = Release|Any CPU
	EndGlobalSection
	GlobalSection(SolutionProperties) = preSolution
		HideSolutionNode = FALSE
	EndGlobalSection
	GlobalSection(ExtensibilityGlobals) = postSolution
		SolutionGuid = {594BE00B-5D28-4EEE-BFD6-45302425806E}
	EndGlobalSection
EndGlobal
